// !$*UTF8*$!
{
	archiveVersion = 1;
	classes = {
	};
	objectVersion = 46;
	objects = {

/* Begin PBXBuildFile section */
		EAE3F8A21C61194300B6A33B /* NSURLSessionHelper.h in CopyFiles */ = {isa = PBXBuildFile; fileRef = EAE3F8A11C61194300B6A33B /* NSURLSessionHelper.h */; };
		EAE3F8A41C61194300B6A33B /* NSURLSessionHelper.m in Sources */ = {isa = PBXBuildFile; fileRef = EAE3F8A31C61194300B6A33B /* NSURLSessionHelper.m */; };
/* End PBXBuildFile section */

/* Begin PBXCopyFilesBuildPhase section */
		EAE3F89C1C61194300B6A33B /* CopyFiles */ = {
			isa = PBXCopyFilesBuildPhase;
			buildActionMask = 2147483647;
			dstPath = "include/$(PRODUCT_NAME)";
			dstSubfolderSpec = 16;
			files = (
				EAE3F8A21C61194300B6A33B /* NSURLSessionHelper.h in CopyFiles */,
			);
			runOnlyForDeploymentPostprocessing = 0;
		};
/* End PBXCopyFilesBuildPhase section */

/* Begin PBXFileReference section */
		EAE3F89E1C61194300B6A33B /* libNSURLSessionHelper.a */ = {isa = PBXFileReference; explicitFileType = archive.ar; includeInIndex = 0; path = libNSURLSessionHelper.a; sourceTree = BUILT_PRODUCTS_DIR; };
		EAE3F8A11C61194300B6A33B /* NSURLSessionHelper.h */ = {isa = PBXFileReference; lastKnownFileType = sourcecode.c.h; path = NSURLSessionHelper.h; sourceTree = "<group>"; };
		EAE3F8A31C61194300B6A33B /* NSURLSessionHelper.m */ = {isa = PBXFileReference; lastKnownFileType = sourcecode.c.objc; path = NSURLSessionHelper.m; sourceTree = "<group>"; };
/* End PBXFileReference section */

/* Begin PBXFrameworksBuildPhase section */
		EAE3F89B1C61194300B6A33B /* Frameworks */ = {
			isa = PBXFrameworksBuildPhase;
			buildActionMask = 2147483647;
			files = (
			);
			runOnlyForDeploymentPostprocessing = 0;
		};
/* End PBXFrameworksBuildPhase section */

/* Begin PBXGroup section */
		EAE3F8951C61194300B6A33B = {
			isa = PBXGroup;
			children = (
				EAE3F8A01C61194300B6A33B /* NSURLSessionHelper */,
				EAE3F89F1C61194300B6A33B /* Products */,
			);
			sourceTree = "<group>";
		};
		EAE3F89F1C61194300B6A33B /* Products */ = {
			isa = PBXGroup;
			children = (
				EAE3F89E1C61194300B6A33B /* libNSURLSessionHelper.a */,
			);
			name = Products;
			sourceTree = "<group>";
		};
		EAE3F8A01C61194300B6A33B /* NSURLSessionHelper */ = {
			isa = PBXGroup;
			children = (
				EAE3F8A11C61194300B6A33B /* NSURLSessionHelper.h */,
				EAE3F8A31C61194300B6A33B /* NSURLSessionHelper.m */,
			);
			path = NSURLSessionHelper;
			sourceTree = "<group>";
		};
/* End PBXGroup section */

/* Begin PBXNativeTarget section */
		EAE3F89D1C61194300B6A33B /* NSURLSessionHelper */ = {
			isa = PBXNativeTarget;
			buildConfigurationList = EAE3F8A71C61194300B6A33B /* Build configuration list for PBXNativeTarget "NSURLSessionHelper" */;
			buildPhases = (
				EAE3F89A1C61194300B6A33B /* Sources */,
				EAE3F89B1C61194300B6A33B /* Frameworks */,
				EAE3F89C1C61194300B6A33B /* CopyFiles */,
			);
			buildRules = (
			);
			dependencies = (
			);
			name = NSURLSessionHelper;
			productName = NSURLSessionHelper;
			productReference = EAE3F89E1C61194300B6A33B /* libNSURLSessionHelper.a */;
			productType = "com.apple.product-type.library.static";
		};
/* End PBXNativeTarget section */

/* Begin PBXProject section */
		EAE3F8961C61194300B6A33B /* Project object */ = {
			isa = PBXProject;
			attributes = {
				LastUpgradeCheck = 0710;
				ORGANIZATIONNAME = FedericoMazzini;
				TargetAttributes = {
					EAE3F89D1C61194300B6A33B = {
						CreatedOnToolsVersion = 7.1;
					};
				};
			};
			buildConfigurationList = EAE3F8991C61194300B6A33B /* Build configuration list for PBXProject "NSURLSessionHelper" */;
			compatibilityVersion = "Xcode 3.2";
			developmentRegion = English;
			hasScannedForEncodings = 0;
			knownRegions = (
				en,
			);
			mainGroup = EAE3F8951C61194300B6A33B;
			productRefGroup = EAE3F89F1C61194300B6A33B /* Products */;
			projectDirPath = "";
			projectRoot = "";
			targets = (
				EAE3F89D1C61194300B6A33B /* NSURLSessionHelper */,
			);
		};
/* End PBXProject section */

/* Begin PBXSourcesBuildPhase section */
		EAE3F89A1C61194300B6A33B /* Sources */ = {
			isa = PBXSourcesBuildPhase;
			buildActionMask = 2147483647;
			files = (
				EAE3F8A41C61194300B6A33B /* NSURLSessionHelper.m in Sources */,
			);
			runOnlyForDeploymentPostprocessing = 0;
		};
/* End PBXSourcesBuildPhase section */

/* Begin XCBuildConfiguration section */
		EAE3F8A51C61194300B6A33B /* Debug */ = {
			isa = XCBuildConfiguration;
			buildSettings = {
				ALWAYS_SEARCH_USER_PATHS = NO;
				CLANG_CXX_LANGUAGE_STANDARD = "gnu++0x";
				CLANG_CXX_LIBRARY = "libc++";
				CLANG_ENABLE_MODULES = YES;
				CLANG_ENABLE_OBJC_ARC = YES;
				CLANG_WARN_BOOL_CONVERSION = YES;
				CLANG_WARN_CONSTANT_CONVERSION = YES;
				CLANG_WARN_DIRECT_OBJC_ISA_USAGE = YES_ERROR;
				CLANG_WARN_EMPTY_BODY = YES;
				CLANG_WARN_ENUM_CONVERSION = YES;
				CLANG_WARN_INT_CONVERSION = YES;
				CLANG_WARN_OBJC_ROOT_CLASS = YES_ERROR;
				CLANG_WARN_UNREACHABLE_CODE = YES;
				CLANG_WARN__DUPLICATE_METHOD_MATCH = YES;
				"CODE_SIGN_IDENTITY[sdk=iphoneos*]" = "iPhone Developer";
				COPY_PHASE_STRIP = NO;
				DEBUG_INFORMATION_FORMAT = dwarf;
				ENABLE_STRICT_OBJC_MSGSEND = YES;
				ENABLE_TESTABILITY = YES;
				GCC_C_LANGUAGE_STANDARD = gnu99;
				GCC_DYNAMIC_NO_PIC = NO;
				GCC_NO_COMMON_BLOCKS = YES;
				GCC_OPTIMIZATION_LEVEL = 0;
				GCC_PREPROCESSOR_DEFINITIONS = (
					"DEBUG=1",
					"$(inherited)",
				);
				GCC_WARN_64_TO_32_BIT_CONVERSION = YES;
				GCC_WARN_ABOUT_RETURN_TYPE = YES_ERROR;
				GCC_WARN_UNDECLARED_SELECTOR = YES;
				GCC_WARN_UNINITIALIZED_AUTOS = YES_AGGRESSIVE;
				GCC_WARN_UNUSED_FUNCTION = YES;
				GCC_WARN_UNUSED_VARIABLE = YES;
				IPHONEOS_DEPLOYMENT_TARGET = 9.1;
				MTL_ENABLE_DEBUG_INFO = YES;
				ONLY_ACTIVE_ARCH = YES;
				SDKROOT = iphoneos;
			};
			name = Debug;
		};
		EAE3F8A61C61194300B6A33B /* Release */ = {
			isa = XCBuildConfiguration;
			buildSettings = {
				ALWAYS_SEARCH_USER_PATHS = NO;
				CLANG_CXX_LANGUAGE_STANDARD = "gnu++0x";
				CLANG_CXX_LIBRARY = "libc++";
				CLANG_ENABLE_MODULES = YES;
				CLANG_ENABLE_OBJC_ARC = YES;
				CLANG_WARN_BOOL_CONVERSION = YES;
				CLANG_WARN_CONSTANT_CONVERSION = YES;
				CLANG_WARN_DIRECT_OBJC_ISA_USAGE = YES_ERROR;
				CLANG_WARN_EMPTY_BODY = YES;
				CLANG_WARN_ENUM_CONVERSION = YES;
				CLANG_WARN_INT_CONVERSION = YES;
				CLANG_WARN_OBJC_ROOT_CLASS = YES_ERROR;
				CLANG_WARN_UNREACHABLE_CODE = YES;
				CLANG_WARN__DUPLICATE_METHOD_MATCH = YES;
				"CODE_SIGN_IDENTITY[sdk=iphoneos*]" = "iPhone Developer";
				COPY_PHASE_STRIP = NO;
				DEBUG_INFORMATION_FORMAT = "dwarf-with-dsym";
				ENABLE_NS_ASSERTIONS = NO;
				ENABLE_STRICT_OBJC_MSGSEND = YES;
				GCC_C_LANGUAGE_STANDARD = gnu99;
				GCC_NO_COMMON_BLOCKS = YES;
				GCC_WARN_64_TO_32_BIT_CONVERSION = YES;
				GCC_WARN_ABOUT_RETURN_TYPE = YES_ERROR;
				GCC_WARN_UNDECLARED_SELECTOR = YES;
				GCC_WARN_UNINITIALIZED_AUTOS = YES_AGGRESSIVE;
				GCC_WARN_UNUSED_FUNCTION = YES;
				GCC_WARN_UNUSED_VARIABLE = YES;
				IPHONEOS_DEPLOYMENT_TARGET = 9.1;
				MTL_ENABLE_DEBUG_INFO = NO;
				SDKROOT = iphoneos;
				VALIDATE_PRODUCT = YES;
			};
			name = Release;
		};
		EAE3F8A81C61194300B6A33B /* Debug */ = {
			isa = XCBuildConfiguration;
			buildSettings = {
				OTHER_LDFLAGS = "-ObjC";
				PRODUCT_NAME = "$(TARGET_NAME)";
				SKIP_INSTALL = YES;
			};
			name = Debug;
		};
		EAE3F8A91C61194300B6A33B /* Release */ = {
			isa = XCBuildConfiguration;
			buildSettings = {
				OTHER_LDFLAGS = "-ObjC";
				PRODUCT_NAME = "$(TARGET_NAME)";
				SKIP_INSTALL = YES;
			};
			name = Release;
		};
/* End XCBuildConfiguration section */

/* Begin XCConfigurationList section */
		EAE3F8991C61194300B6A33B /* Build configuration list for PBXProject "NSURLSessionHelper" */ = {
			isa = XCConfigurationList;
			buildConfigurations = (
				EAE3F8A51C61194300B6A33B /* Debug */,
				EAE3F8A61C61194300B6A33B /* Release */,
			);
			defaultConfigurationIsVisible = 0;
			defaultConfigurationName = Release;
		};
		EAE3F8A71C61194300B6A33B /* Build configuration list for PBXNativeTarget "NSURLSessionHelper" */ = {
			isa = XCConfigurationList;
			buildConfigurations = (
				EAE3F8A81C61194300B6A33B /* Debug */,
				EAE3F8A91C61194300B6A33B /* Release */,
			);
			defaultConfigurationIsVisible = 0;
		};
/* End XCConfigurationList section */
	};
	rootObject = EAE3F8961C61194300B6A33B /* Project object */;
}
